
Microsoft Visual Studio Solution File, Format Version 12.00
# Visual Studio Version 16
VisualStudioVersion = 16.0.30413.136
MinimumVisualStudioVersion = 10.0.40219.1
Project("{9A19103F-16F7-4668-BE54-9A1E7A4F7556}") = "bit23.DataObjectBuilder", "bit23.DataObjectBuilder\bit23.DataObjectBuilder.csproj", "{ECF8A740-E430-4D57-8FCF-B8A3FE1566F5}"
EndProject
Project("{9A19103F-16F7-4668-BE54-9A1E7A4F7556}") = "bit23.DataObjectBuilder.Examples", "bit23.DataObjectBuilder.Test\bit23.DataObjectBuilder.Examples.csproj", "{B62A75C3-DA5C-46D3-BD48-CEDCC3B899C5}"
EndProject
Global
	GlobalSection(SolutionConfigurationPlatforms) = preSolution
		Debug|Any CPU = Debug|Any CPU
		Release|Any CPU = Release|Any CPU
	EndGlobalSection
	GlobalSection(ProjectConfigurationPlatforms) = postSolution
		{ECF8A740-E430-4D57-8FCF-B8A3FE1566F5}.Debug|Any CPU.ActiveCfg = Debug|Any CPU
		{ECF8A740-E430-4D57-8FCF-B8A3FE1566F5}.Debug|Any CPU.Build.0 = Debug|Any CPU
		{ECF8A740-E430-4D57-8FCF-B8A3FE1566F5}.Release|Any CPU.ActiveCfg = Release|Any CPU
		{ECF8A740-E430-4D57-8FCF-B8A3FE1566F5}.Release|Any CPU.Build.0 = Release|Any CPU
		{B62A75C3-DA5C-46D3-BD48-CEDCC3B899C5}.Debug|Any CPU.ActiveCfg = Debug|Any CPU
		{B62A75C3-DA5C-46D3-BD48-CEDCC3B899C5}.Debug|Any CPU.Build.0 = Debug|Any CPU
		{B62A75C3-DA5C-46D3-BD48-CEDCC3B899C5}.Release|Any CPU.ActiveCfg = Release|Any CPU
		{B62A75C3-DA5C-46D3-BD48-CEDCC3B899C5}.Release|Any CPU.Build.0 = Release|Any CPU
	EndGlobalSection
	GlobalSection(SolutionProperties) = preSolution
		HideSolutionNode = FALSE
	EndGlobalSection
	GlobalSection(ExtensibilityGlobals) = postSolution
		SolutionGuid = {FE9FBBAE-ED03-4BBD-A331-DC72CB210E70}
	EndGlobalSection
EndGlobal
